
Microsoft Visual Studio Solution File, Format Version 12.00
# Visual Studio 15
VisualStudioVersion = 15.0.26730.3
MinimumVisualStudioVersion = 10.0.40219.1
Project("{9A19103F-16F7-4668-BE54-9A1E7A4F7556}") = "XUnitTestDemo", "XUnitTestDemo\XUnitTestDemo.csproj", "{8DEA41DE-F9D5-4D0F-A3DD-D55CBC70C7D0}"
EndProject
Project("{9A19103F-16F7-4668-BE54-9A1E7A4F7556}") = "ConsoleApp", "ConsoleApp\ConsoleApp.csproj", "{DB2D7FBA-6A03-46D0-8D87-CCC1F2756654}"
EndProject
Project("{FAE04EC0-301F-11D3-BF4B-00C04F79EFBC}") = "WebApplication", "WebApplication\WebApplication.csproj", "{BEC0EF1E-5E46-4541-BBF0-55721F0A02CC}"
EndProject
Global
	GlobalSection(SolutionConfigurationPlatforms) = preSolution
		Debug|Any CPU = Debug|Any CPU
		Release|Any CPU = Release|Any CPU
	EndGlobalSection
	GlobalSection(ProjectConfigurationPlatforms) = postSolution
		{8DEA41DE-F9D5-4D0F-A3DD-D55CBC70C7D0}.Debug|Any CPU.ActiveCfg = Debug|Any CPU
		{8DEA41DE-F9D5-4D0F-A3DD-D55CBC70C7D0}.Debug|Any CPU.Build.0 = Debug|Any CPU
		{8DEA41DE-F9D5-4D0F-A3DD-D55CBC70C7D0}.Release|Any CPU.ActiveCfg = Release|Any CPU
		{8DEA41DE-F9D5-4D0F-A3DD-D55CBC70C7D0}.Release|Any CPU.Build.0 = Release|Any CPU
		{DB2D7FBA-6A03-46D0-8D87-CCC1F2756654}.Debug|Any CPU.ActiveCfg = Debug|Any CPU
		{DB2D7FBA-6A03-46D0-8D87-CCC1F2756654}.Debug|Any CPU.Build.0 = Debug|Any CPU
		{DB2D7FBA-6A03-46D0-8D87-CCC1F2756654}.Release|Any CPU.ActiveCfg = Release|Any CPU
		{DB2D7FBA-6A03-46D0-8D87-CCC1F2756654}.Release|Any CPU.Build.0 = Release|Any CPU
		{BEC0EF1E-5E46-4541-BBF0-55721F0A02CC}.Debug|Any CPU.ActiveCfg = Debug|Any CPU
		{BEC0EF1E-5E46-4541-BBF0-55721F0A02CC}.Debug|Any CPU.Build.0 = Debug|Any CPU
		{BEC0EF1E-5E46-4541-BBF0-55721F0A02CC}.Release|Any CPU.ActiveCfg = Release|Any CPU
		{BEC0EF1E-5E46-4541-BBF0-55721F0A02CC}.Release|Any CPU.Build.0 = Release|Any CPU
	EndGlobalSection
	GlobalSection(SolutionProperties) = preSolution
		HideSolutionNode = FALSE
	EndGlobalSection
	GlobalSection(ExtensibilityGlobals) = postSolution
		SolutionGuid = {41493A2A-078D-460D-951A-EB56A77ABFC4}
	EndGlobalSection
EndGlobal
